
Microsoft Visual Studio Solution File, Format Version 12.00
# Visual Studio 15
VisualStudioVersion = 15.0.27130.0
MinimumVisualStudioVersion = 10.0.40219.1
Project("{FAE04EC0-301F-11D3-BF4B-00C04F79EFBC}") = "ScientificResearch", "ScientificResearch\ScientificResearch.csproj", "{7CF64C05-FC94-48DA-931A-CF489A4F86EE}"
EndProject
Global
	GlobalSection(SolutionConfigurationPlatforms) = preSolution
		Debug|Any CPU = Debug|Any CPU
		Release|Any CPU = Release|Any CPU
	EndGlobalSection
	GlobalSection(ProjectConfigurationPlatforms) = postSolution
		{7CF64C05-FC94-48DA-931A-CF489A4F86EE}.Debug|Any CPU.ActiveCfg = Debug|Any CPU
		{7CF64C05-FC94-48DA-931A-CF489A4F86EE}.Debug|Any CPU.Build.0 = Debug|Any CPU
		{7CF64C05-FC94-48DA-931A-CF489A4F86EE}.Release|Any CPU.ActiveCfg = Release|Any CPU
		{7CF64C05-FC94-48DA-931A-CF489A4F86EE}.Release|Any CPU.Build.0 = Release|Any CPU
	EndGlobalSection
	GlobalSection(SolutionProperties) = preSolution
		HideSolutionNode = FALSE
	EndGlobalSection
	GlobalSection(ExtensibilityGlobals) = postSolution
		SolutionGuid = {7C1B9708-7A5E-4865-951A-3BD75CFE5979}
	EndGlobalSection
EndGlobal
